// !$*UTF8*$!
{
	archiveVersion = 1;
	classes = {
	};
	objectVersion = 50;
	objects = {

/* Begin PBXBuildFile section */
		5B7E9C7112CF04700BED3D77 /* Pods_GameTrader.framework in Frameworks */ = {isa = PBXBuildFile; fileRef = 45159CBDF1F542FA7AFEFC5E /* Pods_GameTrader.framework */; };
		9B2CA4A321A5B39000B2B079 /* UICollectionView+Additions.swift in Sources */ = {isa = PBXBuildFile; fileRef = 9B2CA49F21A5B39000B2B079 /* UICollectionView+Additions.swift */; };
		9B2CA4A421A5B39000B2B079 /* UIColor+Additions.swift in Sources */ = {isa = PBXBuildFile; fileRef = 9B2CA4A021A5B39000B2B079 /* UIColor+Additions.swift */; };
		9B4F83732155288C00F99E8C /* ViewControllerExtensions.swift in Sources */ = {isa = PBXBuildFile; fileRef = 9B4F83722155288C00F99E8C /* ViewControllerExtensions.swift */; };
		9B6DF9482162AE38005D9A34 /* DatabaseService.swift in Sources */ = {isa = PBXBuildFile; fileRef = 9B6DF9472162AE38005D9A34 /* DatabaseService.swift */; };
		9B7746DB285B79860075C27D /* Publishers.swift in Sources */ = {isa = PBXBuildFile; fileRef = 9B7746CA285B79860075C27D /* Publishers.swift */; };
		9B7746DC285B79860075C27D /* Game.swift in Sources */ = {isa = PBXBuildFile; fileRef = 9B7746CB285B79860075C27D /* Game.swift */; };
		9B7746DD285B79860075C27D /* Msrps.swift in Sources */ = {isa = PBXBuildFile; fileRef = 9B7746CC285B79860075C27D /* Msrps.swift */; };
		9B7746DE285B79860075C27D /* Categories.swift in Sources */ = {isa = PBXBuildFile; fileRef = 9B7746CD285B79860075C27D /* Categories.swift */; };
		9B7746DF285B79860075C27D /* Mechanics.swift in Sources */ = {isa = PBXBuildFile; fileRef = 9B7746CE285B79860075C27D /* Mechanics.swift */; };
		9B7746E0285B79860075C27D /* BoardGameAtlasModel.swift in Sources */ = {isa = PBXBuildFile; fileRef = 9B7746CF285B79860075C27D /* BoardGameAtlasModel.swift */; };
		9B7746E1285B79860075C27D /* Primary_publisher.swift in Sources */ = {isa = PBXBuildFile; fileRef = 9B7746D0285B79860075C27D /* Primary_publisher.swift */; };
		9B7746E2285B79860075C27D /* Games.swift in Sources */ = {isa = PBXBuildFile; fileRef = 9B7746D1285B79860075C27D /* Games.swift */; };
		9B7746E3285B79860075C27D /* Images.swift in Sources */ = {isa = PBXBuildFile; fileRef = 9B7746D2285B79860075C27D /* Images.swift */; };
		9B7746E4285B79860075C27D /* Designers.swift in Sources */ = {isa = PBXBuildFile; fileRef = 9B7746D3285B79860075C27D /* Designers.swift */; };
		9B7746E5285B79860075C27D /* Historical_low_prices.swift in Sources */ = {isa = PBXBuildFile; fileRef = 9B7746D4285B79860075C27D /* Historical_low_prices.swift */; };
		9B7746E6285B79860075C27D /* Sku_objects.swift in Sources */ = {isa = PBXBuildFile; fileRef = 9B7746D5285B79860075C27D /* Sku_objects.swift */; };
		9B7746E7285B79860075C27D /* Primary_designer.swift in Sources */ = {isa = PBXBuildFile; fileRef = 9B7746D6285B79860075C27D /* Primary_designer.swift */; };
		9B7746E8285B79860075C27D /* SearchAndAddGameViewController.swift in Sources */ = {isa = PBXBuildFile; fileRef = 9B7746D8285B79860075C27D /* SearchAndAddGameViewController.swift */; };
		9B7746E9285B79860075C27D /* BGAtlasRouter.swift in Sources */ = {isa = PBXBuildFile; fileRef = 9B7746DA285B79860075C27D /* BGAtlasRouter.swift */; };
		9B7D89EE2211D8F000E9AB18 /* ErrorExtensions.swift in Sources */ = {isa = PBXBuildFile; fileRef = 9B7D89ED2211D8F000E9AB18 /* ErrorExtensions.swift */; };
		9B7E0A7E21F0C64700C155B1 /* DatabaseRepresentation.swift in Sources */ = {isa = PBXBuildFile; fileRef = 9B7E0A7B21F0C64600C155B1 /* DatabaseRepresentation.swift */; };
		9B7E4C81215967CC007B6653 /* MapKit.framework in Frameworks */ = {isa = PBXBuildFile; fileRef = 9B7E4C80215967CC007B6653 /* MapKit.framework */; };
		9B7E4C8521596BBE007B6653 /* GoogleService-Info.plist in Resources */ = {isa = PBXBuildFile; fileRef = 9B7E4C8421596BBE007B6653 /* GoogleService-Info.plist */; };
		9B7E86E921889A2700A71B3A /* MapViewController.swift in Sources */ = {isa = PBXBuildFile; fileRef = 9B7E86E821889A2700A71B3A /* MapViewController.swift */; };
		9B7E86EB2188ADAA00A71B3A /* BGGUserListParser.swift in Sources */ = {isa = PBXBuildFile; fileRef = 9B7E86EA2188ADAA00A71B3A /* BGGUserListParser.swift */; };
		9B7F96062195E44B006FF5DD /* UIImage+Additions.swift in Sources */ = {isa = PBXBuildFile; fileRef = 9B7F96022195E44A006FF5DD /* UIImage+Additions.swift */; };
		9B7F96072195E44B006FF5DD /* UIView+Additions.swift in Sources */ = {isa = PBXBuildFile; fileRef = 9B7F96032195E44B006FF5DD /* UIView+Additions.swift */; };
		9B923D6F2153E24B00935391 /* AppDelegate.swift in Sources */ = {isa = PBXBuildFile; fileRef = 9B923D6E2153E24B00935391 /* AppDelegate.swift */; };
		9B923D742153E24B00935391 /* Main.storyboard in Resources */ = {isa = PBXBuildFile; fileRef = 9B923D722153E24B00935391 /* Main.storyboard */; };
		9B923D762153E24C00935391 /* Assets.xcassets in Resources */ = {isa = PBXBuildFile; fileRef = 9B923D752153E24C00935391 /* Assets.xcassets */; };
		9B923D792153E24C00935391 /* LaunchScreen.storyboard in Resources */ = {isa = PBXBuildFile; fileRef = 9B923D772153E24C00935391 /* LaunchScreen.storyboard */; };
		9B923D842153E27500935391 /* APIClient.swift in Sources */ = {isa = PBXBuildFile; fileRef = 9B923D802153E27500935391 /* APIClient.swift */; };
		9B923D862153E27500935391 /* NetworkRouter.swift in Sources */ = {isa = PBXBuildFile; fileRef = 9B923D822153E27500935391 /* NetworkRouter.swift */; };
		9B923D872153E27500935391 /* NetworkConstants.swift in Sources */ = {isa = PBXBuildFile; fileRef = 9B923D832153E27500935391 /* NetworkConstants.swift */; };
		9B923D892153E28200935391 /* SegueExtension.swift in Sources */ = {isa = PBXBuildFile; fileRef = 9B923D882153E28200935391 /* SegueExtension.swift */; };
		9B923D8C2153E28D00935391 /* ReusableTableCell.swift in Sources */ = {isa = PBXBuildFile; fileRef = 9B923D8A2153E28C00935391 /* ReusableTableCell.swift */; };
		9B923D8D2153E28D00935391 /* MultipleTypesViewModel.swift in Sources */ = {isa = PBXBuildFile; fileRef = 9B923D8B2153E28D00935391 /* MultipleTypesViewModel.swift */; };
		9B923D912153E2B900935391 /* AnalyticsService.swift in Sources */ = {isa = PBXBuildFile; fileRef = 9B923D8F2153E2B900935391 /* AnalyticsService.swift */; };
		9B923D932153E34E00935391 /* BoardGameGeekRouter.swift in Sources */ = {isa = PBXBuildFile; fileRef = 9B923D922153E34E00935391 /* BoardGameGeekRouter.swift */; };
		9B923D9B2153E86100935391 /* BGGImportViewController.swift in Sources */ = {isa = PBXBuildFile; fileRef = 9B923D9A2153E86100935391 /* BGGImportViewController.swift */; };
		9B923D9F2153EE3000935391 /* BGGUserList.swift in Sources */ = {isa = PBXBuildFile; fileRef = 9B923D9E2153EE3000935391 /* BGGUserList.swift */; };
		9B923DA12153EF2600935391 /* UserDefaultsConstants.swift in Sources */ = {isa = PBXBuildFile; fileRef = 9B923DA02153EF2600935391 /* UserDefaultsConstants.swift */; };
		9B923DA42153F01500935391 /* BoardGameTableViewCell.swift in Sources */ = {isa = PBXBuildFile; fileRef = 9B923DA22153F01500935391 /* BoardGameTableViewCell.swift */; };
		9B923DA52153F01500935391 /* BoardGameTableViewCell.xib in Resources */ = {isa = PBXBuildFile; fileRef = 9B923DA32153F01500935391 /* BoardGameTableViewCell.xib */; };
		9B923DA72153F2C800935391 /* ViewControllerRESTFillable.swift in Sources */ = {isa = PBXBuildFile; fileRef = 9B923DA62153F2C800935391 /* ViewControllerRESTFillable.swift */; };
		9B926612219F5DC800542CA1 /* FireStoreUserNearby.swift in Sources */ = {isa = PBXBuildFile; fileRef = 9B926611219F5DC800542CA1 /* FireStoreUserNearby.swift */; };
		9B983896215422080083F5D9 /* BGGUser.swift in Sources */ = {isa = PBXBuildFile; fileRef = 9B983895215422080083F5D9 /* BGGUser.swift */; };
		9BB462A2215A777200BA2CD5 /* LocationManagerService.swift in Sources */ = {isa = PBXBuildFile; fileRef = 9BB462A1215A777200BA2CD5 /* LocationManagerService.swift */; };
		9BB462A6215A8E6700BA2CD5 /* GoogleAuthViewController.swift in Sources */ = {isa = PBXBuildFile; fileRef = 9BB462A5215A8E6700BA2CD5 /* GoogleAuthViewController.swift */; };
		9BBD031A21778121006AB71C /* DataBaseGameItem.swift in Sources */ = {isa = PBXBuildFile; fileRef = 9BBD031921778121006AB71C /* DataBaseGameItem.swift */; };
		9BC555BE215E685100C404B4 /* OnBoardingPageViewController.swift in Sources */ = {isa = PBXBuildFile; fileRef = 9BC555BD215E685100C404B4 /* OnBoardingPageViewController.swift */; };
		9BC555C1215E799500C404B4 /* BoardGameCollectionViewCell.swift in Sources */ = {isa = PBXBuildFile; fileRef = 9BC555BF215E799500C404B4 /* BoardGameCollectionViewCell.swift */; };
		9BC555C2215E799500C404B4 /* BoardGameCollectionViewCell.xib in Resources */ = {isa = PBXBuildFile; fileRef = 9BC555C0215E799500C404B4 /* BoardGameCollectionViewCell.xib */; };
		9BC555C5215E79D100C404B4 /* BoardGameCollectionViewTableViewCell.swift in Sources */ = {isa = PBXBuildFile; fileRef = 9BC555C3215E79D100C404B4 /* BoardGameCollectionViewTableViewCell.swift */; };
		9BC555C6215E79D100C404B4 /* BoardGameCollectionViewTableViewCell.xib in Resources */ = {isa = PBXBuildFile; fileRef = 9BC555C4215E79D100C404B4 /* BoardGameCollectionViewTableViewCell.xib */; };
		9BCEF1BB21666099001C08C3 /* MatchesViewController.swift in Sources */ = {isa = PBXBuildFile; fileRef = 9BCEF1BA21666099001C08C3 /* MatchesViewController.swift */; };
		9BCEF1BD216669A2001C08C3 /* MatchingService.swift in Sources */ = {isa = PBXBuildFile; fileRef = 9BCEF1BC216669A2001C08C3 /* MatchingService.swift */; };
		9BCEF1BF2167BFF2001C08C3 /* NotificationCenterExtension.swift in Sources */ = {isa = PBXBuildFile; fileRef = 9BCEF1BE2167BFF2001C08C3 /* NotificationCenterExtension.swift */; };
		9BD3B4F622959F20006D2C90 /* Geofirestore.swift in Sources */ = {isa = PBXBuildFile; fileRef = 9BD3B4F522959F20006D2C90 /* Geofirestore.swift */; };
		9BD56D9F215404FC000D2CAB /* BBGUserListViewController.swift in Sources */ = {isa = PBXBuildFile; fileRef = 9BD56D9E215404FC000D2CAB /* BBGUserListViewController.swift */; };
		9BDDECD5215A6F14009B67F4 /* SettingsViewController.swift in Sources */ = {isa = PBXBuildFile; fileRef = 9BDDECD4215A6F14009B67F4 /* SettingsViewController.swift */; };
		9BEBA3B1215C1FF00028733E /* LocationPermissionViewController.swift in Sources */ = {isa = PBXBuildFile; fileRef = 9BEBA3B0215C1FF00028733E /* LocationPermissionViewController.swift */; };
/* End PBXBuildFile section */

/* Begin PBXCopyFilesBuildPhase section */
		9BA1DFD3217E59D100359FA0 /* Embed Watch Content */ = {
			isa = PBXCopyFilesBuildPhase;
			buildActionMask = 2147483647;
			dstPath = "$(CONTENTS_FOLDER_PATH)/Watch";
			dstSubfolderSpec = 16;
			files = (
			);
			name = "Embed Watch Content";
			runOnlyForDeploymentPostprocessing = 0;
		};
/* End PBXCopyFilesBuildPhase section */

/* Begin PBXFileReference section */
		2760A480F73B48AE9133F477 /* Pods-GameTrader.debug.xcconfig */ = {isa = PBXFileReference; includeInIndex = 1; lastKnownFileType = text.xcconfig; name = "Pods-GameTrader.debug.xcconfig"; path = "Pods/Target Support Files/Pods-GameTrader/Pods-GameTrader.debug.xcconfig"; sourceTree = "<group>"; };
		45159CBDF1F542FA7AFEFC5E /* Pods_GameTrader.framework */ = {isa = PBXFileReference; explicitFileType = wrapper.framework; includeInIndex = 0; path = Pods_GameTrader.framework; sourceTree = BUILT_PRODUCTS_DIR; };
		984DC04B50D90CF82B98006F /* Pods-GameTrader.release.xcconfig */ = {isa = PBXFileReference; includeInIndex = 1; lastKnownFileType = text.xcconfig; name = "Pods-GameTrader.release.xcconfig"; path = "Pods/Target Support Files/Pods-GameTrader/Pods-GameTrader.release.xcconfig"; sourceTree = "<group>"; };
		9B2CA49F21A5B39000B2B079 /* UICollectionView+Additions.swift */ = {isa = PBXFileReference; fileEncoding = 4; lastKnownFileType = sourcecode.swift; path = "UICollectionView+Additions.swift"; sourceTree = "<group>"; };
		9B2CA4A021A5B39000B2B079 /* UIColor+Additions.swift */ = {isa = PBXFileReference; fileEncoding = 4; lastKnownFileType = sourcecode.swift; path = "UIColor+Additions.swift"; sourceTree = "<group>"; };
		9B4F83722155288C00F99E8C /* ViewControllerExtensions.swift */ = {isa = PBXFileReference; lastKnownFileType = sourcecode.swift; path = ViewControllerExtensions.swift; sourceTree = "<group>"; };
		9B6DF9472162AE38005D9A34 /* DatabaseService.swift */ = {isa = PBXFileReference; lastKnownFileType = sourcecode.swift; path = DatabaseService.swift; sourceTree = "<group>"; };
		9B7746CA285B79860075C27D /* Publishers.swift */ = {isa = PBXFileReference; fileEncoding = 4; lastKnownFileType = sourcecode.swift; path = Publishers.swift; sourceTree = "<group>"; };
		9B7746CB285B79860075C27D /* Game.swift */ = {isa = PBXFileReference; fileEncoding = 4; lastKnownFileType = sourcecode.swift; path = Game.swift; sourceTree = "<group>"; };
		9B7746CC285B79860075C27D /* Msrps.swift */ = {isa = PBXFileReference; fileEncoding = 4; lastKnownFileType = sourcecode.swift; path = Msrps.swift; sourceTree = "<group>"; };
		9B7746CD285B79860075C27D /* Categories.swift */ = {isa = PBXFileReference; fileEncoding = 4; lastKnownFileType = sourcecode.swift; path = Categories.swift; sourceTree = "<group>"; };
		9B7746CE285B79860075C27D /* Mechanics.swift */ = {isa = PBXFileReference; fileEncoding = 4; lastKnownFileType = sourcecode.swift; path = Mechanics.swift; sourceTree = "<group>"; };
		9B7746CF285B79860075C27D /* BoardGameAtlasModel.swift */ = {isa = PBXFileReference; fileEncoding = 4; lastKnownFileType = sourcecode.swift; path = BoardGameAtlasModel.swift; sourceTree = "<group>"; };
		9B7746D0285B79860075C27D /* Primary_publisher.swift */ = {isa = PBXFileReference; fileEncoding = 4; lastKnownFileType = sourcecode.swift; path = Primary_publisher.swift; sourceTree = "<group>"; };
		9B7746D1285B79860075C27D /* Games.swift */ = {isa = PBXFileReference; fileEncoding = 4; lastKnownFileType = sourcecode.swift; path = Games.swift; sourceTree = "<group>"; };
		9B7746D2285B79860075C27D /* Images.swift */ = {isa = PBXFileReference; fileEncoding = 4; lastKnownFileType = sourcecode.swift; path = Images.swift; sourceTree = "<group>"; };
		9B7746D3285B79860075C27D /* Designers.swift */ = {isa = PBXFileReference; fileEncoding = 4; lastKnownFileType = sourcecode.swift; path = Designers.swift; sourceTree = "<group>"; };
		9B7746D4285B79860075C27D /* Historical_low_prices.swift */ = {isa = PBXFileReference; fileEncoding = 4; lastKnownFileType = sourcecode.swift; path = Historical_low_prices.swift; sourceTree = "<group>"; };
		9B7746D5285B79860075C27D /* Sku_objects.swift */ = {isa = PBXFileReference; fileEncoding = 4; lastKnownFileType = sourcecode.swift; path = Sku_objects.swift; sourceTree = "<group>"; };
		9B7746D6285B79860075C27D /* Primary_designer.swift */ = {isa = PBXFileReference; fileEncoding = 4; lastKnownFileType = sourcecode.swift; path = Primary_designer.swift; sourceTree = "<group>"; };
		9B7746D8285B79860075C27D /* SearchAndAddGameViewController.swift */ = {isa = PBXFileReference; fileEncoding = 4; lastKnownFileType = sourcecode.swift; path = SearchAndAddGameViewController.swift; sourceTree = "<group>"; };
		9B7746DA285B79860075C27D /* BGAtlasRouter.swift */ = {isa = PBXFileReference; fileEncoding = 4; lastKnownFileType = sourcecode.swift; path = BGAtlasRouter.swift; sourceTree = "<group>"; };
		9B7D89ED2211D8F000E9AB18 /* ErrorExtensions.swift */ = {isa = PBXFileReference; lastKnownFileType = sourcecode.swift; path = ErrorExtensions.swift; sourceTree = "<group>"; };
		9B7E0A7B21F0C64600C155B1 /* DatabaseRepresentation.swift */ = {isa = PBXFileReference; fileEncoding = 4; lastKnownFileType = sourcecode.swift; path = DatabaseRepresentation.swift; sourceTree = "<group>"; };
		9B7E4C80215967CC007B6653 /* MapKit.framework */ = {isa = PBXFileReference; lastKnownFileType = wrapper.framework; name = MapKit.framework; path = System/Library/Frameworks/MapKit.framework; sourceTree = SDKROOT; };
		9B7E4C8421596BBE007B6653 /* GoogleService-Info.plist */ = {isa = PBXFileReference; fileEncoding = 4; lastKnownFileType = text.plist.xml; path = "GoogleService-Info.plist"; sourceTree = "<group>"; };
		9B7E86E821889A2700A71B3A /* MapViewController.swift */ = {isa = PBXFileReference; fileEncoding = 4; lastKnownFileType = sourcecode.swift; path = MapViewController.swift; sourceTree = "<group>"; };
		9B7E86EA2188ADAA00A71B3A /* BGGUserListParser.swift */ = {isa = PBXFileReference; lastKnownFileType = sourcecode.swift; path = BGGUserListParser.swift; sourceTree = "<group>"; };
		9B7F96022195E44A006FF5DD /* UIImage+Additions.swift */ = {isa = PBXFileReference; fileEncoding = 4; lastKnownFileType = sourcecode.swift; path = "UIImage+Additions.swift"; sourceTree = "<group>"; };
		9B7F96032195E44B006FF5DD /* UIView+Additions.swift */ = {isa = PBXFileReference; fileEncoding = 4; lastKnownFileType = sourcecode.swift; path = "UIView+Additions.swift"; sourceTree = "<group>"; };
		9B923D6B2153E24B00935391 /* GameTrader.app */ = {isa = PBXFileReference; explicitFileType = wrapper.application; includeInIndex = 0; path = GameTrader.app; sourceTree = BUILT_PRODUCTS_DIR; };
		9B923D6E2153E24B00935391 /* AppDelegate.swift */ = {isa = PBXFileReference; lastKnownFileType = sourcecode.swift; path = AppDelegate.swift; sourceTree = "<group>"; };
		9B923D732153E24B00935391 /* Base */ = {isa = PBXFileReference; lastKnownFileType = file.storyboard; name = Base; path = Base.lproj/Main.storyboard; sourceTree = "<group>"; };
		9B923D752153E24C00935391 /* Assets.xcassets */ = {isa = PBXFileReference; lastKnownFileType = folder.assetcatalog; path = Assets.xcassets; sourceTree = "<group>"; };
		9B923D782153E24C00935391 /* Base */ = {isa = PBXFileReference; lastKnownFileType = file.storyboard; name = Base; path = Base.lproj/LaunchScreen.storyboard; sourceTree = "<group>"; };
		9B923D7A2153E24C00935391 /* Info.plist */ = {isa = PBXFileReference; lastKnownFileType = text.plist.xml; path = Info.plist; sourceTree = "<group>"; };
		9B923D802153E27500935391 /* APIClient.swift */ = {isa = PBXFileReference; fileEncoding = 4; lastKnownFileType = sourcecode.swift; path = APIClient.swift; sourceTree = "<group>"; };
		9B923D822153E27500935391 /* NetworkRouter.swift */ = {isa = PBXFileReference; fileEncoding = 4; lastKnownFileType = sourcecode.swift; path = NetworkRouter.swift; sourceTree = "<group>"; };
		9B923D832153E27500935391 /* NetworkConstants.swift */ = {isa = PBXFileReference; fileEncoding = 4; lastKnownFileType = sourcecode.swift; path = NetworkConstants.swift; sourceTree = "<group>"; };
		9B923D882153E28200935391 /* SegueExtension.swift */ = {isa = PBXFileReference; fileEncoding = 4; lastKnownFileType = sourcecode.swift; path = SegueExtension.swift; sourceTree = "<group>"; };
		9B923D8A2153E28C00935391 /* ReusableTableCell.swift */ = {isa = PBXFileReference; fileEncoding = 4; lastKnownFileType = sourcecode.swift; path = ReusableTableCell.swift; sourceTree = "<group>"; };
		9B923D8B2153E28D00935391 /* MultipleTypesViewModel.swift */ = {isa = PBXFileReference; fileEncoding = 4; lastKnownFileType = sourcecode.swift; path = MultipleTypesViewModel.swift; sourceTree = "<group>"; };
		9B923D8F2153E2B900935391 /* AnalyticsService.swift */ = {isa = PBXFileReference; fileEncoding = 4; lastKnownFileType = sourcecode.swift; path = AnalyticsService.swift; sourceTree = "<group>"; };
		9B923D922153E34E00935391 /* BoardGameGeekRouter.swift */ = {isa = PBXFileReference; lastKnownFileType = sourcecode.swift; path = BoardGameGeekRouter.swift; sourceTree = "<group>"; };
		9B923D9A2153E86100935391 /* BGGImportViewController.swift */ = {isa = PBXFileReference; lastKnownFileType = sourcecode.swift; path = BGGImportViewController.swift; sourceTree = "<group>"; };
		9B923D9E2153EE3000935391 /* BGGUserList.swift */ = {isa = PBXFileReference; fileEncoding = 4; lastKnownFileType = sourcecode.swift; path = BGGUserList.swift; sourceTree = "<group>"; };
		9B923DA02153EF2600935391 /* UserDefaultsConstants.swift */ = {isa = PBXFileReference; lastKnownFileType = sourcecode.swift; path = UserDefaultsConstants.swift; sourceTree = "<group>"; };
		9B923DA22153F01500935391 /* BoardGameTableViewCell.swift */ = {isa = PBXFileReference; lastKnownFileType = sourcecode.swift; path = BoardGameTableViewCell.swift; sourceTree = "<group>"; };
		9B923DA32153F01500935391 /* BoardGameTableViewCell.xib */ = {isa = PBXFileReference; lastKnownFileType = file.xib; path = BoardGameTableViewCell.xib; sourceTree = "<group>"; };
		9B923DA62153F2C800935391 /* ViewControllerRESTFillable.swift */ = {isa = PBXFileReference; lastKnownFileType = sourcecode.swift; path = ViewControllerRESTFillable.swift; sourceTree = "<group>"; };
		9B926611219F5DC800542CA1 /* FireStoreUserNearby.swift */ = {isa = PBXFileReference; lastKnownFileType = sourcecode.swift; path = FireStoreUserNearby.swift; sourceTree = "<group>"; };
		9B983895215422080083F5D9 /* BGGUser.swift */ = {isa = PBXFileReference; lastKnownFileType = sourcecode.swift; path = BGGUser.swift; sourceTree = "<group>"; };
		9BB462A1215A777200BA2CD5 /* LocationManagerService.swift */ = {isa = PBXFileReference; lastKnownFileType = sourcecode.swift; path = LocationManagerService.swift; sourceTree = "<group>"; };
		9BB462A5215A8E6700BA2CD5 /* GoogleAuthViewController.swift */ = {isa = PBXFileReference; lastKnownFileType = sourcecode.swift; path = GoogleAuthViewController.swift; sourceTree = "<group>"; };
		9BBD031921778121006AB71C /* DataBaseGameItem.swift */ = {isa = PBXFileReference; lastKnownFileType = sourcecode.swift; path = DataBaseGameItem.swift; sourceTree = "<group>"; };
		9BC555BD215E685100C404B4 /* OnBoardingPageViewController.swift */ = {isa = PBXFileReference; fileEncoding = 4; lastKnownFileType = sourcecode.swift; path = OnBoardingPageViewController.swift; sourceTree = "<group>"; };
		9BC555BF215E799500C404B4 /* BoardGameCollectionViewCell.swift */ = {isa = PBXFileReference; lastKnownFileType = sourcecode.swift; path = BoardGameCollectionViewCell.swift; sourceTree = "<group>"; };
		9BC555C0215E799500C404B4 /* BoardGameCollectionViewCell.xib */ = {isa = PBXFileReference; lastKnownFileType = file.xib; path = BoardGameCollectionViewCell.xib; sourceTree = "<group>"; };
		9BC555C3215E79D100C404B4 /* BoardGameCollectionViewTableViewCell.swift */ = {isa = PBXFileReference; lastKnownFileType = sourcecode.swift; path = BoardGameCollectionViewTableViewCell.swift; sourceTree = "<group>"; };
		9BC555C4215E79D100C404B4 /* BoardGameCollectionViewTableViewCell.xib */ = {isa = PBXFileReference; lastKnownFileType = file.xib; path = BoardGameCollectionViewTableViewCell.xib; sourceTree = "<group>"; };
		9BCEF1BA21666099001C08C3 /* MatchesViewController.swift */ = {isa = PBXFileReference; lastKnownFileType = sourcecode.swift; path = MatchesViewController.swift; sourceTree = "<group>"; };
		9BCEF1BC216669A2001C08C3 /* MatchingService.swift */ = {isa = PBXFileReference; lastKnownFileType = sourcecode.swift; path = MatchingService.swift; sourceTree = "<group>"; };
		9BCEF1BE2167BFF2001C08C3 /* NotificationCenterExtension.swift */ = {isa = PBXFileReference; lastKnownFileType = sourcecode.swift; path = NotificationCenterExtension.swift; sourceTree = "<group>"; };
		9BD3B4F522959F20006D2C90 /* Geofirestore.swift */ = {isa = PBXFileReference; fileEncoding = 4; lastKnownFileType = sourcecode.swift; path = Geofirestore.swift; sourceTree = "<group>"; };
		9BD56D9E215404FC000D2CAB /* BBGUserListViewController.swift */ = {isa = PBXFileReference; lastKnownFileType = sourcecode.swift; path = BBGUserListViewController.swift; sourceTree = "<group>"; };
		9BDDECD4215A6F14009B67F4 /* SettingsViewController.swift */ = {isa = PBXFileReference; lastKnownFileType = sourcecode.swift; path = SettingsViewController.swift; sourceTree = "<group>"; };
		9BDDECD8215A759A009B67F4 /* GameTrader.entitlements */ = {isa = PBXFileReference; lastKnownFileType = text.plist.entitlements; path = GameTrader.entitlements; sourceTree = "<group>"; };
		9BEBA3B0215C1FF00028733E /* LocationPermissionViewController.swift */ = {isa = PBXFileReference; lastKnownFileType = sourcecode.swift; path = LocationPermissionViewController.swift; sourceTree = "<group>"; };
/* End PBXFileReference section */

/* Begin PBXFrameworksBuildPhase section */
		9B923D682153E24B00935391 /* Frameworks */ = {
			isa = PBXFrameworksBuildPhase;
			buildActionMask = 2147483647;
			files = (
				9B7E4C81215967CC007B6653 /* MapKit.framework in Frameworks */,
				5B7E9C7112CF04700BED3D77 /* Pods_GameTrader.framework in Frameworks */,
			);
			runOnlyForDeploymentPostprocessing = 0;
		};
/* End PBXFrameworksBuildPhase section */

/* Begin PBXGroup section */
		25213C0886F947341F406DA0 /* Pods */ = {
			isa = PBXGroup;
			children = (
				2760A480F73B48AE9133F477 /* Pods-GameTrader.debug.xcconfig */,
				984DC04B50D90CF82B98006F /* Pods-GameTrader.release.xcconfig */,
			);
			name = Pods;
			sourceTree = "<group>";
		};
		9B4F83742155289E00F99E8C /* Extensions */ = {
			isa = PBXGroup;
			children = (
				9B2CA49F21A5B39000B2B079 /* UICollectionView+Additions.swift */,
				9B2CA4A021A5B39000B2B079 /* UIColor+Additions.swift */,
				9B7F96022195E44A006FF5DD /* UIImage+Additions.swift */,
				9B7F96032195E44B006FF5DD /* UIView+Additions.swift */,
				9B923D882153E28200935391 /* SegueExtension.swift */,
				9B4F83722155288C00F99E8C /* ViewControllerExtensions.swift */,
				9BCEF1BE2167BFF2001C08C3 /* NotificationCenterExtension.swift */,
				9B7D89ED2211D8F000E9AB18 /* ErrorExtensions.swift */,
			);
			path = Extensions;
			sourceTree = "<group>";
		};
		9B71886C285CCC650072C519 /* Firestore */ = {
			isa = PBXGroup;
			children = (
				9BD3B4F522959F20006D2C90 /* Geofirestore.swift */,
			);
			path = Firestore;
			sourceTree = "<group>";
		};
		9B7746C8285B79860075C27D /* BoardGameAtlasSearch */ = {
			isa = PBXGroup;
			children = (
				9B7746C9285B79860075C27D /* Model */,
				9B7746D7285B79860075C27D /* ViewController */,
				9B7746D9285B79860075C27D /* Router */,
			);
			path = BoardGameAtlasSearch;
			sourceTree = "<group>";
		};
		9B7746C9285B79860075C27D /* Model */ = {
			isa = PBXGroup;
			children = (
				9B7746CA285B79860075C27D /* Publishers.swift */,
				9B7746CB285B79860075C27D /* Game.swift */,
				9B7746CC285B79860075C27D /* Msrps.swift */,
				9B7746CD285B79860075C27D /* Categories.swift */,
				9B7746CE285B79860075C27D /* Mechanics.swift */,
				9B7746CF285B79860075C27D /* BoardGameAtlasModel.swift */,
				9B7746D0285B79860075C27D /* Primary_publisher.swift */,
				9B7746D1285B79860075C27D /* Games.swift */,
				9B7746D2285B79860075C27D /* Images.swift */,
				9B7746D3285B79860075C27D /* Designers.swift */,
				9B7746D4285B79860075C27D /* Historical_low_prices.swift */,
				9B7746D5285B79860075C27D /* Sku_objects.swift */,
				9B7746D6285B79860075C27D /* Primary_designer.swift */,
			);
			path = Model;
			sourceTree = "<group>";
		};
		9B7746D7285B79860075C27D /* ViewController */ = {
			isa = PBXGroup;
			children = (
				9B7746D8285B79860075C27D /* SearchAndAddGameViewController.swift */,
			);
			path = ViewController;
			sourceTree = "<group>";
		};
		9B7746D9285B79860075C27D /* Router */ = {
			isa = PBXGroup;
			children = (
				9B7746DA285B79860075C27D /* BGAtlasRouter.swift */,
			);
			path = Router;
			sourceTree = "<group>";
		};
		9B923D622153E24B00935391 = {
			isa = PBXGroup;
			children = (
				9B923D6D2153E24B00935391 /* GameTrader */,
				9B923D6C2153E24B00935391 /* Products */,
				BC0C38D4A99526BDB01EA570 /* Frameworks */,
				25213C0886F947341F406DA0 /* Pods */,
			);
			sourceTree = "<group>";
		};
		9B923D6C2153E24B00935391 /* Products */ = {
			isa = PBXGroup;
			children = (
				9B923D6B2153E24B00935391 /* GameTrader.app */,
			);
			name = Products;
			sourceTree = "<group>";
		};
		9B923D6D2153E24B00935391 /* GameTrader */ = {
			isa = PBXGroup;
			children = (
				9BDDECD8215A759A009B67F4 /* GameTrader.entitlements */,
				9B98389C21542ED60083F5D9 /* App Main */,
				9B7746C8285B79860075C27D /* BoardGameAtlasSearch */,
				9B71886C285CCC650072C519 /* Firestore */,
				9BBD031B2178C310006AB71C /* Matcher */,
				9BB462A3215A778B00BA2CD5 /* AppStartServices */,
				9BEBA3B2215C1FF70028733E /* OnBoardingViewControllers */,
				9BB462A4215A84B500BA2CD5 /* Settings View */,
				9B4F83742155289E00F99E8C /* Extensions */,
				9BD56D9D2154046E000D2CAB /* BGGList */,
				9B923DA82153F30100935391 /* Constants */,
				9B923D942153E49B00935391 /* Networking */,
				9B923D962153E51900935391 /* Reusable TableViewData */,
				9B923D972153E52600935391 /* Launching Storyboards */,
				9B923D752153E24C00935391 /* Assets.xcassets */,
				9B7E4C8421596BBE007B6653 /* GoogleService-Info.plist */,
				9B923D7A2153E24C00935391 /* Info.plist */,
			);
			path = GameTrader;
			sourceTree = "<group>";
		};
		9B923D942153E49B00935391 /* Networking */ = {
			isa = PBXGroup;
			children = (
				9B923DA62153F2C800935391 /* ViewControllerRESTFillable.swift */,
				9B923D802153E27500935391 /* APIClient.swift */,
				9B923D822153E27500935391 /* NetworkRouter.swift */,
			);
			path = Networking;
			sourceTree = "<group>";
		};
		9B923D962153E51900935391 /* Reusable TableViewData */ = {
			isa = PBXGroup;
			children = (
				9B923D8B2153E28D00935391 /* MultipleTypesViewModel.swift */,
				9B923D8A2153E28C00935391 /* ReusableTableCell.swift */,
			);
			path = "Reusable TableViewData";
			sourceTree = "<group>";
		};
		9B923D972153E52600935391 /* Launching Storyboards */ = {
			isa = PBXGroup;
			children = (
				9B923D772153E24C00935391 /* LaunchScreen.storyboard */,
			);
			path = "Launching Storyboards";
			sourceTree = "<group>";
		};
		9B923DA82153F30100935391 /* Constants */ = {
			isa = PBXGroup;
			children = (
				9B923DA02153EF2600935391 /* UserDefaultsConstants.swift */,
				9B923D832153E27500935391 /* NetworkConstants.swift */,
			);
			path = Constants;
			sourceTree = "<group>";
		};
		9B92660E219F569F00542CA1 /* Models */ = {
			isa = PBXGroup;
			children = (
				9BBD031921778121006AB71C /* DataBaseGameItem.swift */,
			);
			path = Models;
			sourceTree = "<group>";
		};
		9B92660F219F56A700542CA1 /* Services */ = {
			isa = PBXGroup;
			children = (
				9BCEF1BC216669A2001C08C3 /* MatchingService.swift */,
				9B926611219F5DC800542CA1 /* FireStoreUserNearby.swift */,
			);
			path = Services;
			sourceTree = "<group>";
		};
		9B926610219F56B400542CA1 /* Controllers */ = {
			isa = PBXGroup;
			children = (
				9B7E86E821889A2700A71B3A /* MapViewController.swift */,
				9BCEF1BA21666099001C08C3 /* MatchesViewController.swift */,
			);
			path = Controllers;
			sourceTree = "<group>";
		};
		9B983891215421A30083F5D9 /* Views */ = {
			isa = PBXGroup;
			children = (
				9B923DA22153F01500935391 /* BoardGameTableViewCell.swift */,
				9B923DA32153F01500935391 /* BoardGameTableViewCell.xib */,
				9BC555C3215E79D100C404B4 /* BoardGameCollectionViewTableViewCell.swift */,
				9BC555C4215E79D100C404B4 /* BoardGameCollectionViewTableViewCell.xib */,
				9BC555BF215E799500C404B4 /* BoardGameCollectionViewCell.swift */,
				9BC555C0215E799500C404B4 /* BoardGameCollectionViewCell.xib */,
			);
			path = Views;
			sourceTree = "<group>";
		};
		9B983892215421AE0083F5D9 /* Routers */ = {
			isa = PBXGroup;
			children = (
				9B923D922153E34E00935391 /* BoardGameGeekRouter.swift */,
			);
			path = Routers;
			sourceTree = "<group>";
		};
		9B983893215421BA0083F5D9 /* Model */ = {
			isa = PBXGroup;
			children = (
				9B923D9E2153EE3000935391 /* BGGUserList.swift */,
				9B983895215422080083F5D9 /* BGGUser.swift */,
			);
			path = Model;
			sourceTree = "<group>";
		};
		9B983894215421C10083F5D9 /* Controllers */ = {
			isa = PBXGroup;
			children = (
				9BD56D9E215404FC000D2CAB /* BBGUserListViewController.swift */,
				9B7E86EA2188ADAA00A71B3A /* BGGUserListParser.swift */,
			);
			path = Controllers;
			sourceTree = "<group>";
		};
		9B98389C21542ED60083F5D9 /* App Main */ = {
			isa = PBXGroup;
			children = (
				9B923D6E2153E24B00935391 /* AppDelegate.swift */,
				9B7E0A7B21F0C64600C155B1 /* DatabaseRepresentation.swift */,
				9B923D722153E24B00935391 /* Main.storyboard */,
			);
			path = "App Main";
			sourceTree = "<group>";
		};
		9BB462A3215A778B00BA2CD5 /* AppStartServices */ = {
			isa = PBXGroup;
			children = (
				9BB462A1215A777200BA2CD5 /* LocationManagerService.swift */,
				9B6DF9472162AE38005D9A34 /* DatabaseService.swift */,
				9B923D8F2153E2B900935391 /* AnalyticsService.swift */,
			);
			path = AppStartServices;
			sourceTree = "<group>";
		};
		9BB462A4215A84B500BA2CD5 /* Settings View */ = {
			isa = PBXGroup;
			children = (
				9BDDECD4215A6F14009B67F4 /* SettingsViewController.swift */,
			);
			path = "Settings View";
			sourceTree = "<group>";
		};
		9BBD031B2178C310006AB71C /* Matcher */ = {
			isa = PBXGroup;
			children = (
				9B926610219F56B400542CA1 /* Controllers */,
				9B92660F219F56A700542CA1 /* Services */,
				9B92660E219F569F00542CA1 /* Models */,
			);
			path = Matcher;
			sourceTree = "<group>";
		};
		9BD56D9D2154046E000D2CAB /* BGGList */ = {
			isa = PBXGroup;
			children = (
				9B983891215421A30083F5D9 /* Views */,
				9B983892215421AE0083F5D9 /* Routers */,
				9B983893215421BA0083F5D9 /* Model */,
				9B983894215421C10083F5D9 /* Controllers */,
			);
			path = BGGList;
			sourceTree = "<group>";
		};
		9BEBA3B2215C1FF70028733E /* OnBoardingViewControllers */ = {
			isa = PBXGroup;
			children = (
				9BC555BD215E685100C404B4 /* OnBoardingPageViewController.swift */,
				9BB462A5215A8E6700BA2CD5 /* GoogleAuthViewController.swift */,
				9BEBA3B0215C1FF00028733E /* LocationPermissionViewController.swift */,
				9B923D9A2153E86100935391 /* BGGImportViewController.swift */,
			);
			path = OnBoardingViewControllers;
			sourceTree = "<group>";
		};
		BC0C38D4A99526BDB01EA570 /* Frameworks */ = {
			isa = PBXGroup;
			children = (
				9B7E4C80215967CC007B6653 /* MapKit.framework */,
				45159CBDF1F542FA7AFEFC5E /* Pods_GameTrader.framework */,
			);
			name = Frameworks;
			sourceTree = "<group>";
		};
/* End PBXGroup section */

/* Begin PBXNativeTarget section */
		9B923D6A2153E24B00935391 /* GameTrader */ = {
			isa = PBXNativeTarget;
			buildConfigurationList = 9B923D7D2153E24C00935391 /* Build configuration list for PBXNativeTarget "GameTrader" */;
			buildPhases = (
				645A64447D9F667A2BFE18C7 /* [CP] Check Pods Manifest.lock */,
				9B923D672153E24B00935391 /* Sources */,
				9B923D682153E24B00935391 /* Frameworks */,
				9B923D692153E24B00935391 /* Resources */,
				9BA1DFD3217E59D100359FA0 /* Embed Watch Content */,
				9AAADAE9E9858DB4FDFF3810 /* [CP] Embed Pods Frameworks */,
				E03E5BB9FFD03A613783D87C /* [CP] Copy Pods Resources */,
			);
			buildRules = (
			);
			dependencies = (
			);
			name = GameTrader;
			productName = GameTrader;
			productReference = 9B923D6B2153E24B00935391 /* GameTrader.app */;
			productType = "com.apple.product-type.application";
		};
/* End PBXNativeTarget section */

/* Begin PBXProject section */
		9B923D632153E24B00935391 /* Project object */ = {
			isa = PBXProject;
			attributes = {
				LastSwiftUpdateCheck = 1000;
				LastUpgradeCheck = 0940;
				ORGANIZATIONNAME = "Bryan Dubay";
				TargetAttributes = {
					9B923D6A2153E24B00935391 = {
						CreatedOnToolsVersion = 9.4.1;
						LastSwiftMigration = 1010;
						SystemCapabilities = {
							com.apple.BackgroundModes = {
								enabled = 1;
							};
							com.apple.Keychain = {
								enabled = 1;
							};
							com.apple.Maps.iOS = {
								enabled = 1;
							};
						};
					};
				};
			};
			buildConfigurationList = 9B923D662153E24B00935391 /* Build configuration list for PBXProject "GameTrader" */;
			compatibilityVersion = "Xcode 9.3";
			developmentRegion = en;
			hasScannedForEncodings = 0;
			knownRegions = (
				en,
				Base,
			);
			mainGroup = 9B923D622153E24B00935391;
			productRefGroup = 9B923D6C2153E24B00935391 /* Products */;
			projectDirPath = "";
			projectRoot = "";
			targets = (
				9B923D6A2153E24B00935391 /* GameTrader */,
			);
		};
/* End PBXProject section */

/* Begin PBXResourcesBuildPhase section */
		9B923D692153E24B00935391 /* Resources */ = {
			isa = PBXResourcesBuildPhase;
			buildActionMask = 2147483647;
			files = (
				9B923DA52153F01500935391 /* BoardGameTableViewCell.xib in Resources */,
				9BC555C2215E799500C404B4 /* BoardGameCollectionViewCell.xib in Resources */,
				9B923D792153E24C00935391 /* LaunchScreen.storyboard in Resources */,
				9B7E4C8521596BBE007B6653 /* GoogleService-Info.plist in Resources */,
				9BC555C6215E79D100C404B4 /* BoardGameCollectionViewTableViewCell.xib in Resources */,
				9B923D762153E24C00935391 /* Assets.xcassets in Resources */,
				9B923D742153E24B00935391 /* Main.storyboard in Resources */,
			);
			runOnlyForDeploymentPostprocessing = 0;
		};
/* End PBXResourcesBuildPhase section */

/* Begin PBXShellScriptBuildPhase section */
		645A64447D9F667A2BFE18C7 /* [CP] Check Pods Manifest.lock */ = {
			isa = PBXShellScriptBuildPhase;
			buildActionMask = 2147483647;
			files = (
			);
			inputFileListPaths = (
			);
			inputPaths = (
				"${PODS_PODFILE_DIR_PATH}/Podfile.lock",
				"${PODS_ROOT}/Manifest.lock",
			);
			name = "[CP] Check Pods Manifest.lock";
			outputFileListPaths = (
			);
			outputPaths = (
				"$(DERIVED_FILE_DIR)/Pods-GameTrader-checkManifestLockResult.txt",
			);
			runOnlyForDeploymentPostprocessing = 0;
			shellPath = /bin/sh;
			shellScript = "diff \"${PODS_PODFILE_DIR_PATH}/Podfile.lock\" \"${PODS_ROOT}/Manifest.lock\" > /dev/null\nif [ $? != 0 ] ; then\n    # print error to STDERR\n    echo \"error: The sandbox is not in sync with the Podfile.lock. Run 'pod install' or update your CocoaPods installation.\" >&2\n    exit 1\nfi\n# This output is used by Xcode 'outputs' to avoid re-running this script phase.\necho \"SUCCESS\" > \"${SCRIPT_OUTPUT_FILE_0}\"\n";
			showEnvVarsInLog = 0;
		};
		9AAADAE9E9858DB4FDFF3810 /* [CP] Embed Pods Frameworks */ = {
			isa = PBXShellScriptBuildPhase;
			buildActionMask = 2147483647;
			files = (
			);
			inputFileListPaths = (
			);
			inputPaths = (
				"${SRCROOT}/Pods/Target Support Files/Pods-GameTrader/Pods-GameTrader-frameworks.sh",
				"${BUILT_PRODUCTS_DIR}/BoringSSL-GRPC/openssl_grpc.framework",
				"${BUILT_PRODUCTS_DIR}/GTMSessionFetcher/GTMSessionFetcher.framework",
				"${BUILT_PRODUCTS_DIR}/GoogleToolboxForMac/GoogleToolboxForMac.framework",
				"${BUILT_PRODUCTS_DIR}/GoogleUtilities/GoogleUtilities.framework",
				"${BUILT_PRODUCTS_DIR}/Protobuf/Protobuf.framework",
				"${BUILT_PRODUCTS_DIR}/SDStateTableView/SDStateTableView.framework",
				"${BUILT_PRODUCTS_DIR}/SDWebImage/SDWebImage.framework",
				"${BUILT_PRODUCTS_DIR}/gRPC-C++/grpcpp.framework",
				"${BUILT_PRODUCTS_DIR}/gRPC-Core/grpc.framework",
				"${BUILT_PRODUCTS_DIR}/leveldb-library/leveldb.framework",
				"${BUILT_PRODUCTS_DIR}/nanopb/nanopb.framework",
			);
			name = "[CP] Embed Pods Frameworks";
			outputFileListPaths = (
			);
			outputPaths = (
				"${TARGET_BUILD_DIR}/${FRAMEWORKS_FOLDER_PATH}/openssl_grpc.framework",
				"${TARGET_BUILD_DIR}/${FRAMEWORKS_FOLDER_PATH}/GTMSessionFetcher.framework",
				"${TARGET_BUILD_DIR}/${FRAMEWORKS_FOLDER_PATH}/GoogleToolboxForMac.framework",
				"${TARGET_BUILD_DIR}/${FRAMEWORKS_FOLDER_PATH}/GoogleUtilities.framework",
				"${TARGET_BUILD_DIR}/${FRAMEWORKS_FOLDER_PATH}/Protobuf.framework",
				"${TARGET_BUILD_DIR}/${FRAMEWORKS_FOLDER_PATH}/SDStateTableView.framework",
				"${TARGET_BUILD_DIR}/${FRAMEWORKS_FOLDER_PATH}/SDWebImage.framework",
				"${TARGET_BUILD_DIR}/${FRAMEWORKS_FOLDER_PATH}/grpcpp.framework",
				"${TARGET_BUILD_DIR}/${FRAMEWORKS_FOLDER_PATH}/grpc.framework",
				"${TARGET_BUILD_DIR}/${FRAMEWORKS_FOLDER_PATH}/leveldb.framework",
				"${TARGET_BUILD_DIR}/${FRAMEWORKS_FOLDER_PATH}/nanopb.framework",
			);
			runOnlyForDeploymentPostprocessing = 0;
			shellPath = /bin/sh;
			shellScript = "\"${SRCROOT}/Pods/Target Support Files/Pods-GameTrader/Pods-GameTrader-frameworks.sh\"\n";
			showEnvVarsInLog = 0;
		};
		E03E5BB9FFD03A613783D87C /* [CP] Copy Pods Resources */ = {
			isa = PBXShellScriptBuildPhase;
			buildActionMask = 2147483647;
			files = (
			);
			inputFileListPaths = (
			);
			inputPaths = (
				"${SRCROOT}/Pods/Target Support Files/Pods-GameTrader/Pods-GameTrader-resources.sh",
				"${PODS_CONFIGURATION_BUILD_DIR}/FirebaseUI/FirebaseAuthUI.bundle",
				"${PODS_CONFIGURATION_BUILD_DIR}/FirebaseUI/FirebaseGoogleAuthUI.bundle",
				"${PODS_ROOT}/GoogleSignIn/Resources/GoogleSignIn.bundle",
			);
			name = "[CP] Copy Pods Resources";
			outputFileListPaths = (
			);
			outputPaths = (
				"${TARGET_BUILD_DIR}/${UNLOCALIZED_RESOURCES_FOLDER_PATH}/FirebaseAuthUI.bundle",
				"${TARGET_BUILD_DIR}/${UNLOCALIZED_RESOURCES_FOLDER_PATH}/FirebaseGoogleAuthUI.bundle",
				"${TARGET_BUILD_DIR}/${UNLOCALIZED_RESOURCES_FOLDER_PATH}/GoogleSignIn.bundle",
			);
			runOnlyForDeploymentPostprocessing = 0;
			shellPath = /bin/sh;
			shellScript = "\"${SRCROOT}/Pods/Target Support Files/Pods-GameTrader/Pods-GameTrader-resources.sh\"\n";
			showEnvVarsInLog = 0;
		};
/* End PBXShellScriptBuildPhase section */

/* Begin PBXSourcesBuildPhase section */
		9B923D672153E24B00935391 /* Sources */ = {
			isa = PBXSourcesBuildPhase;
			buildActionMask = 2147483647;
			files = (
				9B7F96072195E44B006FF5DD /* UIView+Additions.swift in Sources */,
				9B7746DF285B79860075C27D /* Mechanics.swift in Sources */,
				9B7E86E921889A2700A71B3A /* MapViewController.swift in Sources */,
				9B923D8D2153E28D00935391 /* MultipleTypesViewModel.swift in Sources */,
				9BC555C5215E79D100C404B4 /* BoardGameCollectionViewTableViewCell.swift in Sources */,
				9BCEF1BD216669A2001C08C3 /* MatchingService.swift in Sources */,
				9B923D9F2153EE3000935391 /* BGGUserList.swift in Sources */,
				9B7746E9285B79860075C27D /* BGAtlasRouter.swift in Sources */,
				9BEBA3B1215C1FF00028733E /* LocationPermissionViewController.swift in Sources */,
				9B7746DD285B79860075C27D /* Msrps.swift in Sources */,
				9B923D872153E27500935391 /* NetworkConstants.swift in Sources */,
				9B7D89EE2211D8F000E9AB18 /* ErrorExtensions.swift in Sources */,
				9B923DA72153F2C800935391 /* ViewControllerRESTFillable.swift in Sources */,
				9B7E0A7E21F0C64700C155B1 /* DatabaseRepresentation.swift in Sources */,
				9B7746E8285B79860075C27D /* SearchAndAddGameViewController.swift in Sources */,
				9B7746E3285B79860075C27D /* Images.swift in Sources */,
				9B7746E2285B79860075C27D /* Games.swift in Sources */,
				9B6DF9482162AE38005D9A34 /* DatabaseService.swift in Sources */,
				9B7746E4285B79860075C27D /* Designers.swift in Sources */,
				9B923D9B2153E86100935391 /* BGGImportViewController.swift in Sources */,
				9B7E86EB2188ADAA00A71B3A /* BGGUserListParser.swift in Sources */,
				9B923D892153E28200935391 /* SegueExtension.swift in Sources */,
				9BD3B4F622959F20006D2C90 /* Geofirestore.swift in Sources */,
				9B7746DC285B79860075C27D /* Game.swift in Sources */,
				9BB462A6215A8E6700BA2CD5 /* GoogleAuthViewController.swift in Sources */,
				9B4F83732155288C00F99E8C /* ViewControllerExtensions.swift in Sources */,
				9B7746E1285B79860075C27D /* Primary_publisher.swift in Sources */,
				9B7F96062195E44B006FF5DD /* UIImage+Additions.swift in Sources */,
				9B7746E5285B79860075C27D /* Historical_low_prices.swift in Sources */,
				9BC555C1215E799500C404B4 /* BoardGameCollectionViewCell.swift in Sources */,
				9B7746E0285B79860075C27D /* BoardGameAtlasModel.swift in Sources */,
				9BC555BE215E685100C404B4 /* OnBoardingPageViewController.swift in Sources */,
				9BCEF1BB21666099001C08C3 /* MatchesViewController.swift in Sources */,
				9B923D862153E27500935391 /* NetworkRouter.swift in Sources */,
				9B7746DE285B79860075C27D /* Categories.swift in Sources */,
				9B983896215422080083F5D9 /* BGGUser.swift in Sources */,
				9BD56D9F215404FC000D2CAB /* BBGUserListViewController.swift in Sources */,
				9BB462A2215A777200BA2CD5 /* LocationManagerService.swift in Sources */,
				9BBD031A21778121006AB71C /* DataBaseGameItem.swift in Sources */,
				9B7746E7285B79860075C27D /* Primary_designer.swift in Sources */,
				9B923D912153E2B900935391 /* AnalyticsService.swift in Sources */,
				9B7746DB285B79860075C27D /* Publishers.swift in Sources */,
				9BDDECD5215A6F14009B67F4 /* SettingsViewController.swift in Sources */,
				9B923D932153E34E00935391 /* BoardGameGeekRouter.swift in Sources */,
				9B2CA4A321A5B39000B2B079 /* UICollectionView+Additions.swift in Sources */,
				9B923D8C2153E28D00935391 /* ReusableTableCell.swift in Sources */,
				9B923DA42153F01500935391 /* BoardGameTableViewCell.swift in Sources */,
				9BCEF1BF2167BFF2001C08C3 /* NotificationCenterExtension.swift in Sources */,
				9B7746E6285B79860075C27D /* Sku_objects.swift in Sources */,
				9B923DA12153EF2600935391 /* UserDefaultsConstants.swift in Sources */,
				9B923D6F2153E24B00935391 /* AppDelegate.swift in Sources */,
				9B923D842153E27500935391 /* APIClient.swift in Sources */,
				9B926612219F5DC800542CA1 /* FireStoreUserNearby.swift in Sources */,
				9B2CA4A421A5B39000B2B079 /* UIColor+Additions.swift in Sources */,
			);
			runOnlyForDeploymentPostprocessing = 0;
		};
/* End PBXSourcesBuildPhase section */

/* Begin PBXVariantGroup section */
		9B923D722153E24B00935391 /* Main.storyboard */ = {
			isa = PBXVariantGroup;
			children = (
				9B923D732153E24B00935391 /* Base */,
			);
			name = Main.storyboard;
			sourceTree = "<group>";
		};
		9B923D772153E24C00935391 /* LaunchScreen.storyboard */ = {
			isa = PBXVariantGroup;
			children = (
				9B923D782153E24C00935391 /* Base */,
			);
			name = LaunchScreen.storyboard;
			sourceTree = "<group>";
		};
/* End PBXVariantGroup section */

/* Begin XCBuildConfiguration section */
		9B923D7B2153E24C00935391 /* Debug */ = {
			isa = XCBuildConfiguration;
			buildSettings = {
				ALWAYS_SEARCH_USER_PATHS = NO;
				CLANG_ANALYZER_NONNULL = YES;
				CLANG_ANALYZER_NUMBER_OBJECT_CONVERSION = YES_AGGRESSIVE;
				CLANG_CXX_LANGUAGE_STANDARD = "gnu++14";
				CLANG_CXX_LIBRARY = "libc++";
				CLANG_ENABLE_MODULES = YES;
				CLANG_ENABLE_OBJC_ARC = YES;
				CLANG_ENABLE_OBJC_WEAK = YES;
				CLANG_WARN_BLOCK_CAPTURE_AUTORELEASING = YES;
				CLANG_WARN_BOOL_CONVERSION = YES;
				CLANG_WARN_COMMA = YES;
				CLANG_WARN_CONSTANT_CONVERSION = YES;
				CLANG_WARN_DEPRECATED_OBJC_IMPLEMENTATIONS = YES;
				CLANG_WARN_DIRECT_OBJC_ISA_USAGE = YES_ERROR;
				CLANG_WARN_DOCUMENTATION_COMMENTS = YES;
				CLANG_WARN_EMPTY_BODY = YES;
				CLANG_WARN_ENUM_CONVERSION = YES;
				CLANG_WARN_INFINITE_RECURSION = YES;
				CLANG_WARN_INT_CONVERSION = YES;
				CLANG_WARN_NON_LITERAL_NULL_CONVERSION = YES;
				CLANG_WARN_OBJC_IMPLICIT_RETAIN_SELF = YES;
				CLANG_WARN_OBJC_LITERAL_CONVERSION = YES;
				CLANG_WARN_OBJC_ROOT_CLASS = YES_ERROR;
				CLANG_WARN_RANGE_LOOP_ANALYSIS = YES;
				CLANG_WARN_STRICT_PROTOTYPES = YES;
				CLANG_WARN_SUSPICIOUS_MOVE = YES;
				CLANG_WARN_UNGUARDED_AVAILABILITY = YES_AGGRESSIVE;
				CLANG_WARN_UNREACHABLE_CODE = YES;
				CLANG_WARN__DUPLICATE_METHOD_MATCH = YES;
				CODE_SIGN_IDENTITY = "iPhone Developer";
				COPY_PHASE_STRIP = NO;
				DEBUG_INFORMATION_FORMAT = dwarf;
				ENABLE_STRICT_OBJC_MSGSEND = YES;
				ENABLE_TESTABILITY = YES;
				GCC_C_LANGUAGE_STANDARD = gnu11;
				GCC_DYNAMIC_NO_PIC = NO;
				GCC_NO_COMMON_BLOCKS = YES;
				GCC_OPTIMIZATION_LEVEL = 0;
				GCC_PREPROCESSOR_DEFINITIONS = (
					"DEBUG=1",
					"$(inherited)",
				);
				GCC_WARN_64_TO_32_BIT_CONVERSION = YES;
				GCC_WARN_ABOUT_RETURN_TYPE = YES_ERROR;
				GCC_WARN_UNDECLARED_SELECTOR = YES;
				GCC_WARN_UNINITIALIZED_AUTOS = YES_AGGRESSIVE;
				GCC_WARN_UNUSED_FUNCTION = YES;
				GCC_WARN_UNUSED_VARIABLE = YES;
				IPHONEOS_DEPLOYMENT_TARGET = 11.4;
				MTL_ENABLE_DEBUG_INFO = YES;
				ONLY_ACTIVE_ARCH = YES;
				SDKROOT = iphoneos;
				SWIFT_ACTIVE_COMPILATION_CONDITIONS = DEBUG;
				SWIFT_OPTIMIZATION_LEVEL = "-Onone";
			};
			name = Debug;
		};
		9B923D7C2153E24C00935391 /* Release */ = {
			isa = XCBuildConfiguration;
			buildSettings = {
				ALWAYS_SEARCH_USER_PATHS = NO;
				CLANG_ANALYZER_NONNULL = YES;
				CLANG_ANALYZER_NUMBER_OBJECT_CONVERSION = YES_AGGRESSIVE;
				CLANG_CXX_LANGUAGE_STANDARD = "gnu++14";
				CLANG_CXX_LIBRARY = "libc++";
				CLANG_ENABLE_MODULES = YES;
				CLANG_ENABLE_OBJC_ARC = YES;
				CLANG_ENABLE_OBJC_WEAK = YES;
				CLANG_WARN_BLOCK_CAPTURE_AUTORELEASING = YES;
				CLANG_WARN_BOOL_CONVERSION = YES;
				CLANG_WARN_COMMA = YES;
				CLANG_WARN_CONSTANT_CONVERSION = YES;
				CLANG_WARN_DEPRECATED_OBJC_IMPLEMENTATIONS = YES;
				CLANG_WARN_DIRECT_OBJC_ISA_USAGE = YES_ERROR;
				CLANG_WARN_DOCUMENTATION_COMMENTS = YES;
				CLANG_WARN_EMPTY_BODY = YES;
				CLANG_WARN_ENUM_CONVERSION = YES;
				CLANG_WARN_INFINITE_RECURSION = YES;
				CLANG_WARN_INT_CONVERSION = YES;
				CLANG_WARN_NON_LITERAL_NULL_CONVERSION = YES;
				CLANG_WARN_OBJC_IMPLICIT_RETAIN_SELF = YES;
				CLANG_WARN_OBJC_LITERAL_CONVERSION = YES;
				CLANG_WARN_OBJC_ROOT_CLASS = YES_ERROR;
				CLANG_WARN_RANGE_LOOP_ANALYSIS = YES;
				CLANG_WARN_STRICT_PROTOTYPES = YES;
				CLANG_WARN_SUSPICIOUS_MOVE = YES;
				CLANG_WARN_UNGUARDED_AVAILABILITY = YES_AGGRESSIVE;
				CLANG_WARN_UNREACHABLE_CODE = YES;
				CLANG_WARN__DUPLICATE_METHOD_MATCH = YES;
				CODE_SIGN_IDENTITY = "iPhone Developer";
				COPY_PHASE_STRIP = NO;
				DEBUG_INFORMATION_FORMAT = "dwarf-with-dsym";
				ENABLE_NS_ASSERTIONS = NO;
				ENABLE_STRICT_OBJC_MSGSEND = YES;
				GCC_C_LANGUAGE_STANDARD = gnu11;
				GCC_NO_COMMON_BLOCKS = YES;
				GCC_WARN_64_TO_32_BIT_CONVERSION = YES;
				GCC_WARN_ABOUT_RETURN_TYPE = YES_ERROR;
				GCC_WARN_UNDECLARED_SELECTOR = YES;
				GCC_WARN_UNINITIALIZED_AUTOS = YES_AGGRESSIVE;
				GCC_WARN_UNUSED_FUNCTION = YES;
				GCC_WARN_UNUSED_VARIABLE = YES;
				IPHONEOS_DEPLOYMENT_TARGET = 11.4;
				MTL_ENABLE_DEBUG_INFO = NO;
				SDKROOT = iphoneos;
				SWIFT_COMPILATION_MODE = wholemodule;
				SWIFT_OPTIMIZATION_LEVEL = "-O";
				VALIDATE_PRODUCT = YES;
			};
			name = Release;
		};
		9B923D7E2153E24C00935391 /* Debug */ = {
			isa = XCBuildConfiguration;
			baseConfigurationReference = 2760A480F73B48AE9133F477 /* Pods-GameTrader.debug.xcconfig */;
			buildSettings = {
				ASSETCATALOG_COMPILER_APPICON_NAME = AppIcon;
				CODE_SIGN_ENTITLEMENTS = GameTrader/GameTrader.entitlements;
				CODE_SIGN_STYLE = Automatic;
				DEVELOPMENT_TEAM = 8ZX67G2F76;
				INFOPLIST_FILE = GameTrader/Info.plist;
				LD_RUNPATH_SEARCH_PATHS = (
					"$(inherited)",
					"@executable_path/Frameworks",
				);
				PRODUCT_BUNDLE_IDENTIFIER = com.BryanDubay.GameTrader;
				PRODUCT_NAME = "$(TARGET_NAME)";
				SWIFT_VERSION = 4.2;
				TARGETED_DEVICE_FAMILY = "1,2";
			};
			name = Debug;
		};
		9B923D7F2153E24C00935391 /* Release */ = {
			isa = XCBuildConfiguration;
			baseConfigurationReference = 984DC04B50D90CF82B98006F /* Pods-GameTrader.release.xcconfig */;
			buildSettings = {
				ASSETCATALOG_COMPILER_APPICON_NAME = AppIcon;
				CODE_SIGN_ENTITLEMENTS = GameTrader/GameTrader.entitlements;
				CODE_SIGN_STYLE = Automatic;
				DEVELOPMENT_TEAM = 8ZX67G2F76;
				INFOPLIST_FILE = GameTrader/Info.plist;
				LD_RUNPATH_SEARCH_PATHS = (
					"$(inherited)",
					"@executable_path/Frameworks",
				);
				PRODUCT_BUNDLE_IDENTIFIER = com.BryanDubay.GameTrader;
				PRODUCT_NAME = "$(TARGET_NAME)";
				SWIFT_VERSION = 4.2;
				TARGETED_DEVICE_FAMILY = "1,2";
			};
			name = Release;
		};
/* End XCBuildConfiguration section */

/* Begin XCConfigurationList section */
		9B923D662153E24B00935391 /* Build configuration list for PBXProject "GameTrader" */ = {
			isa = XCConfigurationList;
			buildConfigurations = (
				9B923D7B2153E24C00935391 /* Debug */,
				9B923D7C2153E24C00935391 /* Release */,
			);
			defaultConfigurationIsVisible = 0;
			defaultConfigurationName = Release;
		};
		9B923D7D2153E24C00935391 /* Build configuration list for PBXNativeTarget "GameTrader" */ = {
			isa = XCConfigurationList;
			buildConfigurations = (
				9B923D7E2153E24C00935391 /* Debug */,
				9B923D7F2153E24C00935391 /* Release */,
			);
			defaultConfigurationIsVisible = 0;
			defaultConfigurationName = Release;
		};
/* End XCConfigurationList section */
	};
	rootObject = 9B923D632153E24B00935391 /* Project object */;
}
